
Microsoft Visual Studio Solution File, Format Version 12.00
# Visual Studio Version 17
VisualStudioVersion = 17.2.32630.192
MinimumVisualStudioVersion = 10.0.40219.1
Project("{FAE04EC0-301F-11D3-BF4B-00C04F79EFBC}") = "ITP1_8_D", "ITP1_8_D\ITP1_8_D.csproj", "{E3186E9D-7ABE-41FD-8743-3681D6A4B305}"
EndProject
Global
	GlobalSection(SolutionConfigurationPlatforms) = preSolution
		Debug|Any CPU = Debug|Any CPU
		Release|Any CPU = Release|Any CPU
	EndGlobalSection
	GlobalSection(ProjectConfigurationPlatforms) = postSolution
		{E3186E9D-7ABE-41FD-8743-3681D6A4B305}.Debug|Any CPU.ActiveCfg = Debug|Any CPU
		{E3186E9D-7ABE-41FD-8743-3681D6A4B305}.Debug|Any CPU.Build.0 = Debug|Any CPU
		{E3186E9D-7ABE-41FD-8743-3681D6A4B305}.Release|Any CPU.ActiveCfg = Release|Any CPU
		{E3186E9D-7ABE-41FD-8743-3681D6A4B305}.Release|Any CPU.Build.0 = Release|Any CPU
	EndGlobalSection
	GlobalSection(SolutionProperties) = preSolution
		HideSolutionNode = FALSE
	EndGlobalSection
	GlobalSection(ExtensibilityGlobals) = postSolution
		SolutionGuid = {EEA27C61-4981-4AC7-867F-B7AF42CB5BF4}
	EndGlobalSection
EndGlobal
